// !$*UTF8*$!
{
	archiveVersion = 1;
	classes = {
	};
	objectVersion = 55;
	objects = {

/* Begin PBXBuildFile section */
		4F0E9FB42BE4515B0098F80B /* ItemCategory.swift in Sources */ = {isa = PBXBuildFile; fileRef = 4F0E9FB32BE4515B0098F80B /* ItemCategory.swift */; };
		4F27A8782BF91893006169D3 /* UIColor+Ext.swift in Sources */ = {isa = PBXBuildFile; fileRef = 4F27A8772BF91893006169D3 /* UIColor+Ext.swift */; };
		4F553CB82A1A6408004BBCF0 /* AppDelegate.swift in Sources */ = {isa = PBXBuildFile; fileRef = 4F553CB72A1A6408004BBCF0 /* AppDelegate.swift */; };
		4F553CBC2A1A6408004BBCF0 /* PokemonsVC.swift in Sources */ = {isa = PBXBuildFile; fileRef = 4F553CBB2A1A6408004BBCF0 /* PokemonsVC.swift */; };
		4F553CC12A1A6412004BBCF0 /* Assets.xcassets in Resources */ = {isa = PBXBuildFile; fileRef = 4F553CC02A1A6412004BBCF0 /* Assets.xcassets */; };
		4F553CCF2A1A64E6004BBCF0 /* PokemonsView.swift in Sources */ = {isa = PBXBuildFile; fileRef = 4F553CCE2A1A64E6004BBCF0 /* PokemonsView.swift */; };
		4F553CD82A1A7E70004BBCF0 /* PokemonsCell.swift in Sources */ = {isa = PBXBuildFile; fileRef = 4F553CD72A1A7E70004BBCF0 /* PokemonsCell.swift */; };
		4F553CDA2A1A965D004BBCF0 /* APIManager.swift in Sources */ = {isa = PBXBuildFile; fileRef = 4F553CD92A1A965D004BBCF0 /* APIManager.swift */; };
		4F553CDC2A1A9830004BBCF0 /* Pokemon.swift in Sources */ = {isa = PBXBuildFile; fileRef = 4F553CDB2A1A9830004BBCF0 /* Pokemon.swift */; };
		4F553CDE2A1B58C9004BBCF0 /* DetailsVC.swift in Sources */ = {isa = PBXBuildFile; fileRef = 4F553CDD2A1B58C9004BBCF0 /* DetailsVC.swift */; };
		4F553CE02A1B5A04004BBCF0 /* DetailsView.swift in Sources */ = {isa = PBXBuildFile; fileRef = 4F553CDF2A1B5A04004BBCF0 /* DetailsView.swift */; };
		4F553CE42A1BCC51004BBCF0 /* DetailsCell.swift in Sources */ = {isa = PBXBuildFile; fileRef = 4F553CE32A1BCC51004BBCF0 /* DetailsCell.swift */; };
		4F6C6B612C03D02100841500 /* SnapKit in Frameworks */ = {isa = PBXBuildFile; productRef = 4F6C6B602C03D02100841500 /* SnapKit */; };
		4F8255962B7EAE51005C363C /* TabBarController.swift in Sources */ = {isa = PBXBuildFile; fileRef = 4F8255952B7EAE51005C363C /* TabBarController.swift */; };
		4F8255982B7EB221005C363C /* ItemsVC.swift in Sources */ = {isa = PBXBuildFile; fileRef = 4F8255972B7EB221005C363C /* ItemsVC.swift */; };
		4F82559A2B7EB329005C363C /* FavoritesVC.swift in Sources */ = {isa = PBXBuildFile; fileRef = 4F8255992B7EB329005C363C /* FavoritesVC.swift */; };
		4F82559C2B7F8791005C363C /* EvolutionCell.swift in Sources */ = {isa = PBXBuildFile; fileRef = 4F82559B2B7F8791005C363C /* EvolutionCell.swift */; };
		4F8255C12B8190FD005C363C /* TypesFormatter.swift in Sources */ = {isa = PBXBuildFile; fileRef = 4F8255C02B8190FD005C363C /* TypesFormatter.swift */; };
		4F8255CF2B826476005C363C /* Resources.swift in Sources */ = {isa = PBXBuildFile; fileRef = 4F8255CE2B826476005C363C /* Resources.swift */; };
		4F8255D12B826EBB005C363C /* EvolutionCellModel.swift in Sources */ = {isa = PBXBuildFile; fileRef = 4F8255D02B826EBB005C363C /* EvolutionCellModel.swift */; };
		4F8255D42B82AEB7005C363C /* EnhancedPokemon.swift in Sources */ = {isa = PBXBuildFile; fileRef = 4F8255D32B82AEB6005C363C /* EnhancedPokemon.swift */; };
		4F8255DA2B82CE4F005C363C /* CompareVC.swift in Sources */ = {isa = PBXBuildFile; fileRef = 4F8255D92B82CE4F005C363C /* CompareVC.swift */; };
		4F82A95C2BD929C200302573 /* FirebaseAuth in Frameworks */ = {isa = PBXBuildFile; productRef = 4F82A95B2BD929C200302573 /* FirebaseAuth */; };
		4F82A95E2BD929C200302573 /* FirebaseDatabase in Frameworks */ = {isa = PBXBuildFile; productRef = 4F82A95D2BD929C200302573 /* FirebaseDatabase */; };
		4F82A9602BD929C200302573 /* FirebaseStorage in Frameworks */ = {isa = PBXBuildFile; productRef = 4F82A95F2BD929C200302573 /* FirebaseStorage */; };
		4F8A96F72B8B792400A0B6B5 /* PokemonTypesList.swift in Sources */ = {isa = PBXBuildFile; fileRef = 4F8A96F62B8B792400A0B6B5 /* PokemonTypesList.swift */; };
		4F8A96F92B8B794700A0B6B5 /* Species.swift in Sources */ = {isa = PBXBuildFile; fileRef = 4F8A96F82B8B794700A0B6B5 /* Species.swift */; };
		4F8A96FB2B8B811E00A0B6B5 /* PokemonsAllTypesCell.swift in Sources */ = {isa = PBXBuildFile; fileRef = 4F8A96FA2B8B811E00A0B6B5 /* PokemonsAllTypesCell.swift */; };
		4F8A97072B8CE37600A0B6B5 /* UnauthorizedProfileView.swift in Sources */ = {isa = PBXBuildFile; fileRef = 4F8A97062B8CE37600A0B6B5 /* UnauthorizedProfileView.swift */; };
		4F8BBC212B7D056C009FD624 /* UIView+Ext.swift in Sources */ = {isa = PBXBuildFile; fileRef = 4F8BBC202B7D056C009FD624 /* UIView+Ext.swift */; };
		4F8C24082B910A1B00DD6176 /* UnauthorizedProfileViewDelegate.swift in Sources */ = {isa = PBXBuildFile; fileRef = 4F8C24072B910A1B00DD6176 /* UnauthorizedProfileViewDelegate.swift */; };
		4F8C240A2B91187800DD6176 /* AuthorizedProfileView.swift in Sources */ = {isa = PBXBuildFile; fileRef = 4F8C24092B91187700DD6176 /* AuthorizedProfileView.swift */; };
		4F8C240C2B92757200DD6176 /* AuthorizedProfileViewDelegate.swift in Sources */ = {isa = PBXBuildFile; fileRef = 4F8C240B2B92757200DD6176 /* AuthorizedProfileViewDelegate.swift */; };
		4F8C240E2B929B3700DD6176 /* DetailsViewDelegate.swift in Sources */ = {isa = PBXBuildFile; fileRef = 4F8C240D2B929B3700DD6176 /* DetailsViewDelegate.swift */; };
		4F8C24102B92AB4B00DD6176 /* GoogleService-Info.plist in Resources */ = {isa = PBXBuildFile; fileRef = 4F8C240F2B92AB4B00DD6176 /* GoogleService-Info.plist */; };
		4F8C24122B93ED5000DD6176 /* FirebaseManager.swift in Sources */ = {isa = PBXBuildFile; fileRef = 4F8C24112B93ED5000DD6176 /* FirebaseManager.swift */; };
		4F8C24152B93F2DB00DD6176 /* FavoritesView.swift in Sources */ = {isa = PBXBuildFile; fileRef = 4F8C24142B93F2DB00DD6176 /* FavoritesView.swift */; };
		4F92A39E2B8808AD0039C58A /* ProfileVC.swift in Sources */ = {isa = PBXBuildFile; fileRef = 4F92A39D2B8808AD0039C58A /* ProfileVC.swift */; };
		4F92A3A02B88D6A60039C58A /* PokemonsList.swift in Sources */ = {isa = PBXBuildFile; fileRef = 4F92A39F2B88D6A60039C58A /* PokemonsList.swift */; };
		4F92A3A22B88D95A0039C58A /* PokemonType.swift in Sources */ = {isa = PBXBuildFile; fileRef = 4F92A3A12B88D95A0039C58A /* PokemonType.swift */; };
		4F98D4AB2B7D615D00BA469E /* PokemonSpecies.swift in Sources */ = {isa = PBXBuildFile; fileRef = 4F98D4AA2B7D615D00BA469E /* PokemonSpecies.swift */; };
		4F98D4AD2B7D676F00BA469E /* EvolutionChain.swift in Sources */ = {isa = PBXBuildFile; fileRef = 4F98D4AC2B7D676F00BA469E /* EvolutionChain.swift */; };
		4FC09C0E2B7BF700002656B8 /* LaunchView.swift in Sources */ = {isa = PBXBuildFile; fileRef = 4FC09C0D2B7BF700002656B8 /* LaunchView.swift */; };
		4FC09C112B7BF773002656B8 /* LaunchVC.swift in Sources */ = {isa = PBXBuildFile; fileRef = 4FC09C102B7BF773002656B8 /* LaunchVC.swift */; };
		4FC09C132B7BFB7A002656B8 /* Launch Screen.storyboard in Resources */ = {isa = PBXBuildFile; fileRef = 4FC09C122B7BFB7A002656B8 /* Launch Screen.storyboard */; };
		4FCCB9E42B84C91C008B96CB /* ComparePokemonsManager.swift in Sources */ = {isa = PBXBuildFile; fileRef = 4FCCB9E32B84C91C008B96CB /* ComparePokemonsManager.swift */; };
		4FCCB9E72B84CA9F008B96CB /* CompareView.swift in Sources */ = {isa = PBXBuildFile; fileRef = 4FCCB9E62B84CA9F008B96CB /* CompareView.swift */; };
		4FCCB9E92B84CB56008B96CB /* CompareCell.swift in Sources */ = {isa = PBXBuildFile; fileRef = 4FCCB9E82B84CB55008B96CB /* CompareCell.swift */; };
		4FDE67BD2BE40C9E0080BC59 /* Item.swift in Sources */ = {isa = PBXBuildFile; fileRef = 4FDE67BC2BE40C9E0080BC59 /* Item.swift */; };
		4FDE67BF2BE40CE70080BC59 /* Sprites.swift in Sources */ = {isa = PBXBuildFile; fileRef = 4FDE67BE2BE40CE70080BC59 /* Sprites.swift */; };
		4FDE67C22BE41FA50080BC59 /* ItemsView.swift in Sources */ = {isa = PBXBuildFile; fileRef = 4FDE67C12BE41FA50080BC59 /* ItemsView.swift */; };
		4FDE67C42BE4252B0080BC59 /* ItemCategoriesList.swift in Sources */ = {isa = PBXBuildFile; fileRef = 4FDE67C32BE4252B0080BC59 /* ItemCategoriesList.swift */; };
		4FDE67C62BE435C50080BC59 /* EnhancedItem.swift in Sources */ = {isa = PBXBuildFile; fileRef = 4FDE67C52BE435C50080BC59 /* EnhancedItem.swift */; };
		4FDE67C82BE4375A0080BC59 /* ItemsList.swift in Sources */ = {isa = PBXBuildFile; fileRef = 4FDE67C72BE4375A0080BC59 /* ItemsList.swift */; };
		4FDE67CA2BE43E300080BC59 /* ItemsCell.swift in Sources */ = {isa = PBXBuildFile; fileRef = 4FDE67C92BE43E300080BC59 /* ItemsCell.swift */; };
		4FDE67CC2BE442350080BC59 /* ItemsAllCategoriesCell.swift in Sources */ = {isa = PBXBuildFile; fileRef = 4FDE67CB2BE442350080BC59 /* ItemsAllCategoriesCell.swift */; };
		4FDE67CE2BE444080080BC59 /* ItemCategoryCell.swift in Sources */ = {isa = PBXBuildFile; fileRef = 4FDE67CD2BE444080080BC59 /* ItemCategoryCell.swift */; };
		4FE903542B7E861800B98FA8 /* PokemonTypeCell.swift in Sources */ = {isa = PBXBuildFile; fileRef = 4FE903532B7E861800B98FA8 /* PokemonTypeCell.swift */; };
		4FEF76852C03A24B00E561DF /* AbilityCell.swift in Sources */ = {isa = PBXBuildFile; fileRef = 4FEF76842C03A24B00E561DF /* AbilityCell.swift */; };
/* End PBXBuildFile section */

/* Begin PBXFileReference section */
		11D0A17F91C388456D5FA9FD /* Pods-Test.debug.xcconfig */ = {isa = PBXFileReference; includeInIndex = 1; lastKnownFileType = text.xcconfig; name = "Pods-Test.debug.xcconfig"; path = "Target Support Files/Pods-Test/Pods-Test.debug.xcconfig"; sourceTree = "<group>"; };
		2272EEADCC6D03B3D57C8C4D /* Pods-Test.release.xcconfig */ = {isa = PBXFileReference; includeInIndex = 1; lastKnownFileType = text.xcconfig; name = "Pods-Test.release.xcconfig"; path = "Target Support Files/Pods-Test/Pods-Test.release.xcconfig"; sourceTree = "<group>"; };
		4F0E9FB32BE4515B0098F80B /* ItemCategory.swift */ = {isa = PBXFileReference; lastKnownFileType = sourcecode.swift; path = ItemCategory.swift; sourceTree = "<group>"; };
		4F27A8772BF91893006169D3 /* UIColor+Ext.swift */ = {isa = PBXFileReference; lastKnownFileType = sourcecode.swift; path = "UIColor+Ext.swift"; sourceTree = "<group>"; };
		4F553CB42A1A6408004BBCF0 /* Test.app */ = {isa = PBXFileReference; explicitFileType = wrapper.application; includeInIndex = 0; path = Test.app; sourceTree = BUILT_PRODUCTS_DIR; };
		4F553CB72A1A6408004BBCF0 /* AppDelegate.swift */ = {isa = PBXFileReference; lastKnownFileType = sourcecode.swift; path = AppDelegate.swift; sourceTree = "<group>"; };
		4F553CBB2A1A6408004BBCF0 /* PokemonsVC.swift */ = {isa = PBXFileReference; lastKnownFileType = sourcecode.swift; path = PokemonsVC.swift; sourceTree = "<group>"; };
		4F553CC02A1A6412004BBCF0 /* Assets.xcassets */ = {isa = PBXFileReference; lastKnownFileType = folder.assetcatalog; path = Assets.xcassets; sourceTree = "<group>"; };
		4F553CC52A1A6412004BBCF0 /* Info.plist */ = {isa = PBXFileReference; lastKnownFileType = text.plist.xml; path = Info.plist; sourceTree = "<group>"; };
		4F553CCE2A1A64E6004BBCF0 /* PokemonsView.swift */ = {isa = PBXFileReference; lastKnownFileType = sourcecode.swift; path = PokemonsView.swift; sourceTree = "<group>"; };
		4F553CD72A1A7E70004BBCF0 /* PokemonsCell.swift */ = {isa = PBXFileReference; lastKnownFileType = sourcecode.swift; path = PokemonsCell.swift; sourceTree = "<group>"; };
		4F553CD92A1A965D004BBCF0 /* APIManager.swift */ = {isa = PBXFileReference; lastKnownFileType = sourcecode.swift; path = APIManager.swift; sourceTree = "<group>"; };
		4F553CDB2A1A9830004BBCF0 /* Pokemon.swift */ = {isa = PBXFileReference; lastKnownFileType = sourcecode.swift; path = Pokemon.swift; sourceTree = "<group>"; };
		4F553CDD2A1B58C9004BBCF0 /* DetailsVC.swift */ = {isa = PBXFileReference; lastKnownFileType = sourcecode.swift; path = DetailsVC.swift; sourceTree = "<group>"; };
		4F553CDF2A1B5A04004BBCF0 /* DetailsView.swift */ = {isa = PBXFileReference; lastKnownFileType = sourcecode.swift; path = DetailsView.swift; sourceTree = "<group>"; };
		4F553CE32A1BCC51004BBCF0 /* DetailsCell.swift */ = {isa = PBXFileReference; lastKnownFileType = sourcecode.swift; path = DetailsCell.swift; sourceTree = "<group>"; };
		4F8255952B7EAE51005C363C /* TabBarController.swift */ = {isa = PBXFileReference; lastKnownFileType = sourcecode.swift; path = TabBarController.swift; sourceTree = "<group>"; };
		4F8255972B7EB221005C363C /* ItemsVC.swift */ = {isa = PBXFileReference; lastKnownFileType = sourcecode.swift; path = ItemsVC.swift; sourceTree = "<group>"; };
		4F8255992B7EB329005C363C /* FavoritesVC.swift */ = {isa = PBXFileReference; lastKnownFileType = sourcecode.swift; path = FavoritesVC.swift; sourceTree = "<group>"; };
		4F82559B2B7F8791005C363C /* EvolutionCell.swift */ = {isa = PBXFileReference; lastKnownFileType = sourcecode.swift; path = EvolutionCell.swift; sourceTree = "<group>"; };
		4F8255C02B8190FD005C363C /* TypesFormatter.swift */ = {isa = PBXFileReference; lastKnownFileType = sourcecode.swift; path = TypesFormatter.swift; sourceTree = "<group>"; };
		4F8255CE2B826476005C363C /* Resources.swift */ = {isa = PBXFileReference; lastKnownFileType = sourcecode.swift; path = Resources.swift; sourceTree = "<group>"; };
		4F8255D02B826EBB005C363C /* EvolutionCellModel.swift */ = {isa = PBXFileReference; lastKnownFileType = sourcecode.swift; path = EvolutionCellModel.swift; sourceTree = "<group>"; };
		4F8255D32B82AEB6005C363C /* EnhancedPokemon.swift */ = {isa = PBXFileReference; lastKnownFileType = sourcecode.swift; path = EnhancedPokemon.swift; sourceTree = "<group>"; };
		4F8255D92B82CE4F005C363C /* CompareVC.swift */ = {isa = PBXFileReference; lastKnownFileType = sourcecode.swift; path = CompareVC.swift; sourceTree = "<group>"; };
		4F8A96F62B8B792400A0B6B5 /* PokemonTypesList.swift */ = {isa = PBXFileReference; lastKnownFileType = sourcecode.swift; path = PokemonTypesList.swift; sourceTree = "<group>"; };
		4F8A96F82B8B794700A0B6B5 /* Species.swift */ = {isa = PBXFileReference; lastKnownFileType = sourcecode.swift; path = Species.swift; sourceTree = "<group>"; };
		4F8A96FA2B8B811E00A0B6B5 /* PokemonsAllTypesCell.swift */ = {isa = PBXFileReference; lastKnownFileType = sourcecode.swift; path = PokemonsAllTypesCell.swift; sourceTree = "<group>"; };
		4F8A97062B8CE37600A0B6B5 /* UnauthorizedProfileView.swift */ = {isa = PBXFileReference; lastKnownFileType = sourcecode.swift; path = UnauthorizedProfileView.swift; sourceTree = "<group>"; };
		4F8BBC202B7D056C009FD624 /* UIView+Ext.swift */ = {isa = PBXFileReference; lastKnownFileType = sourcecode.swift; path = "UIView+Ext.swift"; sourceTree = "<group>"; };
		4F8C24072B910A1B00DD6176 /* UnauthorizedProfileViewDelegate.swift */ = {isa = PBXFileReference; lastKnownFileType = sourcecode.swift; path = UnauthorizedProfileViewDelegate.swift; sourceTree = "<group>"; };
		4F8C24092B91187700DD6176 /* AuthorizedProfileView.swift */ = {isa = PBXFileReference; lastKnownFileType = sourcecode.swift; path = AuthorizedProfileView.swift; sourceTree = "<group>"; };
		4F8C240B2B92757200DD6176 /* AuthorizedProfileViewDelegate.swift */ = {isa = PBXFileReference; lastKnownFileType = sourcecode.swift; path = AuthorizedProfileViewDelegate.swift; sourceTree = "<group>"; };
		4F8C240D2B929B3700DD6176 /* DetailsViewDelegate.swift */ = {isa = PBXFileReference; lastKnownFileType = sourcecode.swift; path = DetailsViewDelegate.swift; sourceTree = "<group>"; };
		4F8C240F2B92AB4B00DD6176 /* GoogleService-Info.plist */ = {isa = PBXFileReference; fileEncoding = 4; lastKnownFileType = text.plist.xml; path = "GoogleService-Info.plist"; sourceTree = "<group>"; };
		4F8C24112B93ED5000DD6176 /* FirebaseManager.swift */ = {isa = PBXFileReference; lastKnownFileType = sourcecode.swift; path = FirebaseManager.swift; sourceTree = "<group>"; };
		4F8C24142B93F2DB00DD6176 /* FavoritesView.swift */ = {isa = PBXFileReference; lastKnownFileType = sourcecode.swift; path = FavoritesView.swift; sourceTree = "<group>"; };
		4F92A39D2B8808AD0039C58A /* ProfileVC.swift */ = {isa = PBXFileReference; lastKnownFileType = sourcecode.swift; path = ProfileVC.swift; sourceTree = "<group>"; };
		4F92A39F2B88D6A60039C58A /* PokemonsList.swift */ = {isa = PBXFileReference; lastKnownFileType = sourcecode.swift; path = PokemonsList.swift; sourceTree = "<group>"; };
		4F92A3A12B88D95A0039C58A /* PokemonType.swift */ = {isa = PBXFileReference; lastKnownFileType = sourcecode.swift; path = PokemonType.swift; sourceTree = "<group>"; };
		4F98D4AA2B7D615D00BA469E /* PokemonSpecies.swift */ = {isa = PBXFileReference; lastKnownFileType = sourcecode.swift; path = PokemonSpecies.swift; sourceTree = "<group>"; };
		4F98D4AC2B7D676F00BA469E /* EvolutionChain.swift */ = {isa = PBXFileReference; lastKnownFileType = sourcecode.swift; path = EvolutionChain.swift; sourceTree = "<group>"; };
		4FC09C0D2B7BF700002656B8 /* LaunchView.swift */ = {isa = PBXFileReference; lastKnownFileType = sourcecode.swift; path = LaunchView.swift; sourceTree = "<group>"; };
		4FC09C102B7BF773002656B8 /* LaunchVC.swift */ = {isa = PBXFileReference; lastKnownFileType = sourcecode.swift; path = LaunchVC.swift; sourceTree = "<group>"; };
		4FC09C122B7BFB7A002656B8 /* Launch Screen.storyboard */ = {isa = PBXFileReference; lastKnownFileType = file.storyboard; path = "Launch Screen.storyboard"; sourceTree = "<group>"; };
		4FCCB9E32B84C91C008B96CB /* ComparePokemonsManager.swift */ = {isa = PBXFileReference; lastKnownFileType = sourcecode.swift; path = ComparePokemonsManager.swift; sourceTree = "<group>"; };
		4FCCB9E62B84CA9F008B96CB /* CompareView.swift */ = {isa = PBXFileReference; lastKnownFileType = sourcecode.swift; path = CompareView.swift; sourceTree = "<group>"; };
		4FCCB9E82B84CB55008B96CB /* CompareCell.swift */ = {isa = PBXFileReference; lastKnownFileType = sourcecode.swift; path = CompareCell.swift; sourceTree = "<group>"; };
		4FDE67BC2BE40C9E0080BC59 /* Item.swift */ = {isa = PBXFileReference; lastKnownFileType = sourcecode.swift; path = Item.swift; sourceTree = "<group>"; };
		4FDE67BE2BE40CE70080BC59 /* Sprites.swift */ = {isa = PBXFileReference; lastKnownFileType = sourcecode.swift; path = Sprites.swift; sourceTree = "<group>"; };
		4FDE67C12BE41FA50080BC59 /* ItemsView.swift */ = {isa = PBXFileReference; lastKnownFileType = sourcecode.swift; path = ItemsView.swift; sourceTree = "<group>"; };
		4FDE67C32BE4252B0080BC59 /* ItemCategoriesList.swift */ = {isa = PBXFileReference; lastKnownFileType = sourcecode.swift; path = ItemCategoriesList.swift; sourceTree = "<group>"; };
		4FDE67C52BE435C50080BC59 /* EnhancedItem.swift */ = {isa = PBXFileReference; lastKnownFileType = sourcecode.swift; path = EnhancedItem.swift; sourceTree = "<group>"; };
		4FDE67C72BE4375A0080BC59 /* ItemsList.swift */ = {isa = PBXFileReference; lastKnownFileType = sourcecode.swift; path = ItemsList.swift; sourceTree = "<group>"; };
		4FDE67C92BE43E300080BC59 /* ItemsCell.swift */ = {isa = PBXFileReference; lastKnownFileType = sourcecode.swift; path = ItemsCell.swift; sourceTree = "<group>"; };
		4FDE67CB2BE442350080BC59 /* ItemsAllCategoriesCell.swift */ = {isa = PBXFileReference; lastKnownFileType = sourcecode.swift; path = ItemsAllCategoriesCell.swift; sourceTree = "<group>"; };
		4FDE67CD2BE444080080BC59 /* ItemCategoryCell.swift */ = {isa = PBXFileReference; lastKnownFileType = sourcecode.swift; path = ItemCategoryCell.swift; sourceTree = "<group>"; };
		4FE903532B7E861800B98FA8 /* PokemonTypeCell.swift */ = {isa = PBXFileReference; lastKnownFileType = sourcecode.swift; path = PokemonTypeCell.swift; sourceTree = "<group>"; };
		4FEF76842C03A24B00E561DF /* AbilityCell.swift */ = {isa = PBXFileReference; lastKnownFileType = sourcecode.swift; path = AbilityCell.swift; sourceTree = "<group>"; };
/* End PBXFileReference section */

/* Begin PBXFrameworksBuildPhase section */
		4F553CB12A1A6408004BBCF0 /* Frameworks */ = {
			isa = PBXFrameworksBuildPhase;
			buildActionMask = 2147483647;
			files = (
				4F8255D72B82B86F005C363C /* SDWebImage in Frameworks */,
				4F82A95C2BD929C200302573 /* FirebaseAuth in Frameworks */,
				4F82A95E2BD929C200302573 /* FirebaseDatabase in Frameworks */,
				4F82A9602BD929C200302573 /* FirebaseStorage in Frameworks */,
				4F553CD22A1A6541004BBCF0 /* SnapKit in Frameworks */,
			);
			runOnlyForDeploymentPostprocessing = 0;
		};
/* End PBXFrameworksBuildPhase section */

/* Begin PBXGroup section */
		4F27A8762BF91883006169D3 /* Extensions */ = {
			isa = PBXGroup;
			children = (
				4F27A8772BF91893006169D3 /* UIColor+Ext.swift */,
			);
			path = Extensions;
			sourceTree = "<group>";
		};
		4F553CAB2A1A6407004BBCF0 = {
			isa = PBXGroup;
			children = (
				4F553CB62A1A6408004BBCF0 /* Test */,
				4F553CB52A1A6408004BBCF0 /* Products */,
				6B4D08F55B9891357D710EB9 /* Pods */,
				945F72E3A7A82FFD46F67ECE /* Frameworks */,
			);
			sourceTree = "<group>";
		};
		4F553CB52A1A6408004BBCF0 /* Products */ = {
			isa = PBXGroup;
			children = (
				4F553CB42A1A6408004BBCF0 /* Test.app */,
			);
			name = Products;
			sourceTree = "<group>";
		};
		4F553CB62A1A6408004BBCF0 /* Test */ = {
			isa = PBXGroup;
			children = (
				4F8255CD2B826456005C363C /* Helpers */,
				4F8C24062B910A1000DD6176 /* Protocols */,
				4F27A8762BF91883006169D3 /* Extensions */,
				4F553CCB2A1A64C5004BBCF0 /* Services */,
				4F553CCC2A1A64C8004BBCF0 /* Views */,
				4F553CCD2A1A64CF004BBCF0 /* Controllers */,
				4FC2A60F2BBB7652007CBFCC /* ViewModels */,
				4F553CE62A1E41A9004BBCF0 /* SupportingFiles */,
			);
			path = Test;
			sourceTree = "<group>";
		};
		4F553CCB2A1A64C5004BBCF0 /* Services */ = {
			isa = PBXGroup;
			children = (
				4F8255D82B82C93A005C363C /* APIModels */,
				4FC2A6102BBB78E8007CBFCC /* Models */,
				4F8255BF2B8190EB005C363C /* TypesFormatter */,
				4F553CE52A1E382D004BBCF0 /* Managers */,
			);
			path = Services;
			sourceTree = "<group>";
		};
		4F553CCC2A1A64C8004BBCF0 /* Views */ = {
			isa = PBXGroup;
			children = (
				4FC09C0C2B7BF6EC002656B8 /* Launch */,
				4F553CD52A1A7E44004BBCF0 /* Pokemons */,
				4FDE67C02BE4102B0080BC59 /* Items */,
				4F553CD62A1A7E4E004BBCF0 /* Details */,
				4FCCB9E52B84CA47008B96CB /* Compare */,
				4F8A97052B8CE31500A0B6B5 /* Profile */,
				4F8C24132B93F14C00DD6176 /* Favorites */,
			);
			path = Views;
			sourceTree = "<group>";
		};
		4F553CCD2A1A64CF004BBCF0 /* Controllers */ = {
			isa = PBXGroup;
			children = (
				4F8255952B7EAE51005C363C /* TabBarController.swift */,
				4FC09C102B7BF773002656B8 /* LaunchVC.swift */,
				4F553CBB2A1A6408004BBCF0 /* PokemonsVC.swift */,
				4F8255972B7EB221005C363C /* ItemsVC.swift */,
				4F8255D92B82CE4F005C363C /* CompareVC.swift */,
				4F92A39D2B8808AD0039C58A /* ProfileVC.swift */,
				4F553CDD2A1B58C9004BBCF0 /* DetailsVC.swift */,
				4F8255992B7EB329005C363C /* FavoritesVC.swift */,
			);
			path = Controllers;
			sourceTree = "<group>";
		};
		4F553CD52A1A7E44004BBCF0 /* Pokemons */ = {
			isa = PBXGroup;
			children = (
				4F553CCE2A1A64E6004BBCF0 /* PokemonsView.swift */,
				4F553CD72A1A7E70004BBCF0 /* PokemonsCell.swift */,
				4FE903532B7E861800B98FA8 /* PokemonTypeCell.swift */,
				4F8A96FA2B8B811E00A0B6B5 /* PokemonsAllTypesCell.swift */,
			);
			path = Pokemons;
			sourceTree = "<group>";
		};
		4F553CD62A1A7E4E004BBCF0 /* Details */ = {
			isa = PBXGroup;
			children = (
				4F553CDF2A1B5A04004BBCF0 /* DetailsView.swift */,
				4F553CE32A1BCC51004BBCF0 /* DetailsCell.swift */,
				4F82559B2B7F8791005C363C /* EvolutionCell.swift */,
				4FEF76842C03A24B00E561DF /* AbilityCell.swift */,
			);
			path = Details;
			sourceTree = "<group>";
		};
		4F553CE52A1E382D004BBCF0 /* Managers */ = {
			isa = PBXGroup;
			children = (
				4F553CD92A1A965D004BBCF0 /* APIManager.swift */,
				4F8C24112B93ED5000DD6176 /* FirebaseManager.swift */,
				4FCCB9E32B84C91C008B96CB /* ComparePokemonsManager.swift */,
			);
			path = Managers;
			sourceTree = "<group>";
		};
		4F553CE62A1E41A9004BBCF0 /* SupportingFiles */ = {
			isa = PBXGroup;
			children = (
				4F553CB72A1A6408004BBCF0 /* AppDelegate.swift */,
				4F553CC02A1A6412004BBCF0 /* Assets.xcassets */,
				4F553CC52A1A6412004BBCF0 /* Info.plist */,
				4F8C240F2B92AB4B00DD6176 /* GoogleService-Info.plist */,
			);
			path = SupportingFiles;
			sourceTree = "<group>";
		};
		4F8255BF2B8190EB005C363C /* TypesFormatter */ = {
			isa = PBXGroup;
			children = (
				4F8255C02B8190FD005C363C /* TypesFormatter.swift */,
			);
			path = TypesFormatter;
			sourceTree = "<group>";
		};
		4F8255CD2B826456005C363C /* Helpers */ = {
			isa = PBXGroup;
			children = (
				4F8BBC1F2B7D055D009FD624 /* Extensions */,
				4F8255CE2B826476005C363C /* Resources.swift */,
			);
			path = Helpers;
			sourceTree = "<group>";
		};
		4F8255D82B82C93A005C363C /* APIModels */ = {
			isa = PBXGroup;
			children = (
				4F553CDB2A1A9830004BBCF0 /* Pokemon.swift */,
				4F8A96F82B8B794700A0B6B5 /* Species.swift */,
				4FDE67BE2BE40CE70080BC59 /* Sprites.swift */,
				4F98D4AA2B7D615D00BA469E /* PokemonSpecies.swift */,
				4F98D4AC2B7D676F00BA469E /* EvolutionChain.swift */,
				4F92A39F2B88D6A60039C58A /* PokemonsList.swift */,
				4F8A96F62B8B792400A0B6B5 /* PokemonTypesList.swift */,
				4F92A3A12B88D95A0039C58A /* PokemonType.swift */,
				4FDE67BC2BE40C9E0080BC59 /* Item.swift */,
				4FDE67C72BE4375A0080BC59 /* ItemsList.swift */,
				4FDE67C32BE4252B0080BC59 /* ItemCategoriesList.swift */,
				4F0E9FB32BE4515B0098F80B /* ItemCategory.swift */,
			);
			path = APIModels;
			sourceTree = "<group>";
		};
		4F8A97052B8CE31500A0B6B5 /* Profile */ = {
			isa = PBXGroup;
			children = (
				4F8A97062B8CE37600A0B6B5 /* UnauthorizedProfileView.swift */,
				4F8C24092B91187700DD6176 /* AuthorizedProfileView.swift */,
			);
			path = Profile;
			sourceTree = "<group>";
		};
		4F8BBC1F2B7D055D009FD624 /* Extensions */ = {
			isa = PBXGroup;
			children = (
				4F8BBC202B7D056C009FD624 /* UIView+Ext.swift */,
			);
			path = Extensions;
			sourceTree = "<group>";
		};
		4F8C24062B910A1000DD6176 /* Protocols */ = {
			isa = PBXGroup;
			children = (
				4F8C24072B910A1B00DD6176 /* UnauthorizedProfileViewDelegate.swift */,
				4F8C240B2B92757200DD6176 /* AuthorizedProfileViewDelegate.swift */,
				4F8C240D2B929B3700DD6176 /* DetailsViewDelegate.swift */,
			);
			path = Protocols;
			sourceTree = "<group>";
		};
		4F8C24132B93F14C00DD6176 /* Favorites */ = {
			isa = PBXGroup;
			children = (
				4F8C24142B93F2DB00DD6176 /* FavoritesView.swift */,
			);
			path = Favorites;
			sourceTree = "<group>";
		};
		4FC09C0C2B7BF6EC002656B8 /* Launch */ = {
			isa = PBXGroup;
			children = (
				4FC09C0D2B7BF700002656B8 /* LaunchView.swift */,
				4FC09C122B7BFB7A002656B8 /* Launch Screen.storyboard */,
			);
			path = Launch;
			sourceTree = "<group>";
		};
		4FC2A60F2BBB7652007CBFCC /* ViewModels */ = {
			isa = PBXGroup;
			children = (
			);
			path = ViewModels;
			sourceTree = "<group>";
		};
		4FC2A6102BBB78E8007CBFCC /* Models */ = {
			isa = PBXGroup;
			children = (
				4F8255D32B82AEB6005C363C /* EnhancedPokemon.swift */,
				4F8255D02B826EBB005C363C /* EvolutionCellModel.swift */,
				4FDE67C52BE435C50080BC59 /* EnhancedItem.swift */,
			);
			path = Models;
			sourceTree = "<group>";
		};
		4FCCB9E52B84CA47008B96CB /* Compare */ = {
			isa = PBXGroup;
			children = (
				4FCCB9E62B84CA9F008B96CB /* CompareView.swift */,
				4FCCB9E82B84CB55008B96CB /* CompareCell.swift */,
			);
			path = Compare;
			sourceTree = "<group>";
		};
		4FDE67C02BE4102B0080BC59 /* Items */ = {
			isa = PBXGroup;
			children = (
				4FDE67C12BE41FA50080BC59 /* ItemsView.swift */,
				4FDE67C92BE43E300080BC59 /* ItemsCell.swift */,
				4FDE67CD2BE444080080BC59 /* ItemCategoryCell.swift */,
				4FDE67CB2BE442350080BC59 /* ItemsAllCategoriesCell.swift */,
			);
			path = Items;
			sourceTree = "<group>";
		};
		6B4D08F55B9891357D710EB9 /* Pods */ = {
			isa = PBXGroup;
			children = (
				11D0A17F91C388456D5FA9FD /* Pods-Test.debug.xcconfig */,
				2272EEADCC6D03B3D57C8C4D /* Pods-Test.release.xcconfig */,
			);
			name = Pods;
			path = Pods;
			sourceTree = "<group>";
		};
		945F72E3A7A82FFD46F67ECE /* Frameworks */ = {
			isa = PBXGroup;
			children = (
				F23AABB190C4E90692D3A29E /* Pods_Test.framework */,
			);
			name = Frameworks;
			sourceTree = "<group>";
		};
/* End PBXGroup section */

/* Begin PBXNativeTarget section */
		4F553CB32A1A6408004BBCF0 /* Test */ = {
			isa = PBXNativeTarget;
			buildConfigurationList = 4F553CC82A1A6412004BBCF0 /* Build configuration list for PBXNativeTarget "Test" */;
			buildPhases = (
				209B3F06C099224296312C7A /* [CP] Check Pods Manifest.lock */,
				4F553CB02A1A6408004BBCF0 /* Sources */,
				4F553CB12A1A6408004BBCF0 /* Frameworks */,
				4F553CB22A1A6408004BBCF0 /* Resources */,
				12EB08C3EC00DBC4B13F5752 /* [CP] Embed Pods Frameworks */,
			);
			buildRules = (
			);
			dependencies = (
			);
			name = Test;
			packageProductDependencies = (
				4F553CD12A1A6541004BBCF0 /* SnapKit */,
				4F8255D62B82B86F005C363C /* SDWebImage */,
				4F82A95B2BD929C200302573 /* FirebaseAuth */,
				4F82A95D2BD929C200302573 /* FirebaseDatabase */,
				4F82A95F2BD929C200302573 /* FirebaseStorage */,
			);
			productName = Test;
			productReference = 4F553CB42A1A6408004BBCF0 /* Test.app */;
			productType = "com.apple.product-type.application";
		};
/* End PBXNativeTarget section */

/* Begin PBXProject section */
		4F553CAC2A1A6407004BBCF0 /* Project object */ = {
			isa = PBXProject;
			attributes = {
				BuildIndependentTargetsInParallel = 1;
				LastSwiftUpdateCheck = 1420;
				LastUpgradeCheck = 1420;
				TargetAttributes = {
					4F553CB32A1A6408004BBCF0 = {
						CreatedOnToolsVersion = 14.2;
					};
				};
			};
			buildConfigurationList = 4F553CAF2A1A6407004BBCF0 /* Build configuration list for PBXProject "Test" */;
			compatibilityVersion = "Xcode 13.0";
			developmentRegion = en;
			hasScannedForEncodings = 0;
			knownRegions = (
				en,
				Base,
			);
			mainGroup = 4F553CAB2A1A6407004BBCF0;
			packageReferences = (
				4F553CD02A1A6541004BBCF0 /* XCRemoteSwiftPackageReference "SnapKit" */,
				4F8255D52B82B86F005C363C /* XCRemoteSwiftPackageReference "SDWebImage" */,
				4F82A95A2BD929C200302573 /* XCRemoteSwiftPackageReference "firebase-ios-sdk" */,
			);
			productRefGroup = 4F553CB52A1A6408004BBCF0 /* Products */;
			projectDirPath = "";
			projectRoot = "";
			targets = (
				4F553CB32A1A6408004BBCF0 /* Test */,
			);
		};
/* End PBXProject section */

/* Begin PBXResourcesBuildPhase section */
		4F553CB22A1A6408004BBCF0 /* Resources */ = {
			isa = PBXResourcesBuildPhase;
			buildActionMask = 2147483647;
			files = (
				4FC09C132B7BFB7A002656B8 /* Launch Screen.storyboard in Resources */,
				4F553CC12A1A6412004BBCF0 /* Assets.xcassets in Resources */,
				4F8C24102B92AB4B00DD6176 /* GoogleService-Info.plist in Resources */,
			);
			runOnlyForDeploymentPostprocessing = 0;
		};
/* End PBXResourcesBuildPhase section */

/* Begin PBXShellScriptBuildPhase section */
		12EB08C3EC00DBC4B13F5752 /* [CP] Embed Pods Frameworks */ = {
			isa = PBXShellScriptBuildPhase;
			buildActionMask = 2147483647;
			files = (
			);
			inputFileListPaths = (
				"${PODS_ROOT}/Target Support Files/Pods-Test/Pods-Test-frameworks-${CONFIGURATION}-input-files.xcfilelist",
			);
			name = "[CP] Embed Pods Frameworks";
			outputFileListPaths = (
				"${PODS_ROOT}/Target Support Files/Pods-Test/Pods-Test-frameworks-${CONFIGURATION}-output-files.xcfilelist",
			);
			runOnlyForDeploymentPostprocessing = 0;
			shellPath = /bin/sh;
			shellScript = "\"${PODS_ROOT}/Target Support Files/Pods-Test/Pods-Test-frameworks.sh\"\n";
			showEnvVarsInLog = 0;
		};
		209B3F06C099224296312C7A /* [CP] Check Pods Manifest.lock */ = {
			isa = PBXShellScriptBuildPhase;
			buildActionMask = 2147483647;
			files = (
			);
			inputFileListPaths = (
			);
			inputPaths = (
				"${PODS_PODFILE_DIR_PATH}/Podfile.lock",
				"${PODS_ROOT}/Manifest.lock",
			);
			name = "[CP] Check Pods Manifest.lock";
			outputFileListPaths = (
			);
			outputPaths = (
				"$(DERIVED_FILE_DIR)/Pods-Test-checkManifestLockResult.txt",
			);
			runOnlyForDeploymentPostprocessing = 0;
			shellPath = /bin/sh;
			shellScript = "diff \"${PODS_PODFILE_DIR_PATH}/Podfile.lock\" \"${PODS_ROOT}/Manifest.lock\" > /dev/null\nif [ $? != 0 ] ; then\n    # print error to STDERR\n    echo \"error: The sandbox is not in sync with the Podfile.lock. Run 'pod install' or update your CocoaPods installation.\" >&2\n    exit 1\nfi\n# This output is used by Xcode 'outputs' to avoid re-running this script phase.\necho \"SUCCESS\" > \"${SCRIPT_OUTPUT_FILE_0}\"\n";
			showEnvVarsInLog = 0;
		};
/* End PBXShellScriptBuildPhase section */

/* Begin PBXSourcesBuildPhase section */
		4F553CB02A1A6408004BBCF0 /* Sources */ = {
			isa = PBXSourcesBuildPhase;
			buildActionMask = 2147483647;
			files = (
				4F8C24122B93ED5000DD6176 /* FirebaseManager.swift in Sources */,
				4FDE67C22BE41FA50080BC59 /* ItemsView.swift in Sources */,
				4FDE67CE2BE444080080BC59 /* ItemCategoryCell.swift in Sources */,
				4F8255982B7EB221005C363C /* ItemsVC.swift in Sources */,
				4FDE67CA2BE43E300080BC59 /* ItemsCell.swift in Sources */,
				4FE903542B7E861800B98FA8 /* PokemonTypeCell.swift in Sources */,
				4F27A8782BF91893006169D3 /* UIColor+Ext.swift in Sources */,
				4FDE67BD2BE40C9E0080BC59 /* Item.swift in Sources */,
				4F8A97072B8CE37600A0B6B5 /* UnauthorizedProfileView.swift in Sources */,
				4F92A3A02B88D6A60039C58A /* PokemonsList.swift in Sources */,
				4F8255962B7EAE51005C363C /* TabBarController.swift in Sources */,
				4F98D4AB2B7D615D00BA469E /* PokemonSpecies.swift in Sources */,
				4F553CBC2A1A6408004BBCF0 /* PokemonsVC.swift in Sources */,
				4FC09C0E2B7BF700002656B8 /* LaunchView.swift in Sources */,
				4F8BBC212B7D056C009FD624 /* UIView+Ext.swift in Sources */,
				4F553CCF2A1A64E6004BBCF0 /* PokemonsView.swift in Sources */,
				4FCCB9E72B84CA9F008B96CB /* CompareView.swift in Sources */,
				4F8255C12B8190FD005C363C /* TypesFormatter.swift in Sources */,
				4F553CE42A1BCC51004BBCF0 /* DetailsCell.swift in Sources */,
				4F0E9FB42BE4515B0098F80B /* ItemCategory.swift in Sources */,
				4FC09C112B7BF773002656B8 /* LaunchVC.swift in Sources */,
				4F82559C2B7F8791005C363C /* EvolutionCell.swift in Sources */,
				4FDE67C82BE4375A0080BC59 /* ItemsList.swift in Sources */,
				4F8A96FB2B8B811E00A0B6B5 /* PokemonsAllTypesCell.swift in Sources */,
				4F8255D12B826EBB005C363C /* EvolutionCellModel.swift in Sources */,
				4FDE67C42BE4252B0080BC59 /* ItemCategoriesList.swift in Sources */,
				4F8C240A2B91187800DD6176 /* AuthorizedProfileView.swift in Sources */,
				4F8A96F72B8B792400A0B6B5 /* PokemonTypesList.swift in Sources */,
				4F8C24152B93F2DB00DD6176 /* FavoritesView.swift in Sources */,
				4F553CDA2A1A965D004BBCF0 /* APIManager.swift in Sources */,
				4FCCB9E42B84C91C008B96CB /* ComparePokemonsManager.swift in Sources */,
				4F92A39E2B8808AD0039C58A /* ProfileVC.swift in Sources */,
				4F98D4AD2B7D676F00BA469E /* EvolutionChain.swift in Sources */,
				4F8A96F92B8B794700A0B6B5 /* Species.swift in Sources */,
				4F8255DA2B82CE4F005C363C /* CompareVC.swift in Sources */,
				4F8255D42B82AEB7005C363C /* EnhancedPokemon.swift in Sources */,
				4F553CD82A1A7E70004BBCF0 /* PokemonsCell.swift in Sources */,
				4FDE67BF2BE40CE70080BC59 /* Sprites.swift in Sources */,
				4F553CDE2A1B58C9004BBCF0 /* DetailsVC.swift in Sources */,
				4F8C240E2B929B3700DD6176 /* DetailsViewDelegate.swift in Sources */,
				4F82559A2B7EB329005C363C /* FavoritesVC.swift in Sources */,
				4F553CE02A1B5A04004BBCF0 /* DetailsView.swift in Sources */,
				4FDE67C62BE435C50080BC59 /* EnhancedItem.swift in Sources */,
				4FDE67CC2BE442350080BC59 /* ItemsAllCategoriesCell.swift in Sources */,
				4F8255CF2B826476005C363C /* Resources.swift in Sources */,
				4F8C240C2B92757200DD6176 /* AuthorizedProfileViewDelegate.swift in Sources */,
				4F8C24082B910A1B00DD6176 /* UnauthorizedProfileViewDelegate.swift in Sources */,
				4F553CB82A1A6408004BBCF0 /* AppDelegate.swift in Sources */,
				4F92A3A22B88D95A0039C58A /* PokemonType.swift in Sources */,
				4FEF76852C03A24B00E561DF /* AbilityCell.swift in Sources */,
				4F553CDC2A1A9830004BBCF0 /* Pokemon.swift in Sources */,
				4FCCB9E92B84CB56008B96CB /* CompareCell.swift in Sources */,
			);
			runOnlyForDeploymentPostprocessing = 0;
		};
/* End PBXSourcesBuildPhase section */

/* Begin XCBuildConfiguration section */
		4F553CC62A1A6412004BBCF0 /* Debug */ = {
			isa = XCBuildConfiguration;
			buildSettings = {
				ALWAYS_SEARCH_USER_PATHS = NO;
				CLANG_ANALYZER_NONNULL = YES;
				CLANG_ANALYZER_NUMBER_OBJECT_CONVERSION = YES_AGGRESSIVE;
				CLANG_CXX_LANGUAGE_STANDARD = "gnu++20";
				CLANG_ENABLE_MODULES = YES;
				CLANG_ENABLE_OBJC_ARC = YES;
				CLANG_ENABLE_OBJC_WEAK = YES;
				CLANG_WARN_BLOCK_CAPTURE_AUTORELEASING = YES;
				CLANG_WARN_BOOL_CONVERSION = YES;
				CLANG_WARN_COMMA = YES;
				CLANG_WARN_CONSTANT_CONVERSION = YES;
				CLANG_WARN_DEPRECATED_OBJC_IMPLEMENTATIONS = YES;
				CLANG_WARN_DIRECT_OBJC_ISA_USAGE = YES_ERROR;
				CLANG_WARN_DOCUMENTATION_COMMENTS = YES;
				CLANG_WARN_EMPTY_BODY = YES;
				CLANG_WARN_ENUM_CONVERSION = YES;
				CLANG_WARN_INFINITE_RECURSION = YES;
				CLANG_WARN_INT_CONVERSION = YES;
				CLANG_WARN_NON_LITERAL_NULL_CONVERSION = YES;
				CLANG_WARN_OBJC_IMPLICIT_RETAIN_SELF = YES;
				CLANG_WARN_OBJC_LITERAL_CONVERSION = YES;
				CLANG_WARN_OBJC_ROOT_CLASS = YES_ERROR;
				CLANG_WARN_QUOTED_INCLUDE_IN_FRAMEWORK_HEADER = YES;
				CLANG_WARN_RANGE_LOOP_ANALYSIS = YES;
				CLANG_WARN_STRICT_PROTOTYPES = YES;
				CLANG_WARN_SUSPICIOUS_MOVE = YES;
				CLANG_WARN_UNGUARDED_AVAILABILITY = YES_AGGRESSIVE;
				CLANG_WARN_UNREACHABLE_CODE = YES;
				CLANG_WARN__DUPLICATE_METHOD_MATCH = YES;
				COPY_PHASE_STRIP = NO;
				DEBUG_INFORMATION_FORMAT = dwarf;
				ENABLE_STRICT_OBJC_MSGSEND = YES;
				ENABLE_TESTABILITY = YES;
				GCC_C_LANGUAGE_STANDARD = gnu11;
				GCC_DYNAMIC_NO_PIC = NO;
				GCC_NO_COMMON_BLOCKS = YES;
				GCC_OPTIMIZATION_LEVEL = 0;
				GCC_PREPROCESSOR_DEFINITIONS = (
					"DEBUG=1",
					"$(inherited)",
				);
				GCC_WARN_64_TO_32_BIT_CONVERSION = YES;
				GCC_WARN_ABOUT_RETURN_TYPE = YES_ERROR;
				GCC_WARN_UNDECLARED_SELECTOR = YES;
				GCC_WARN_UNINITIALIZED_AUTOS = YES_AGGRESSIVE;
				GCC_WARN_UNUSED_FUNCTION = YES;
				GCC_WARN_UNUSED_VARIABLE = YES;
				IPHONEOS_DEPLOYMENT_TARGET = 16.2;
				MTL_ENABLE_DEBUG_INFO = INCLUDE_SOURCE;
				MTL_FAST_MATH = YES;
				ONLY_ACTIVE_ARCH = YES;
				SDKROOT = iphoneos;
				SWIFT_ACTIVE_COMPILATION_CONDITIONS = DEBUG;
				SWIFT_OPTIMIZATION_LEVEL = "-Onone";
			};
			name = Debug;
		};
		4F553CC72A1A6412004BBCF0 /* Release */ = {
			isa = XCBuildConfiguration;
			buildSettings = {
				ALWAYS_SEARCH_USER_PATHS = NO;
				CLANG_ANALYZER_NONNULL = YES;
				CLANG_ANALYZER_NUMBER_OBJECT_CONVERSION = YES_AGGRESSIVE;
				CLANG_CXX_LANGUAGE_STANDARD = "gnu++20";
				CLANG_ENABLE_MODULES = YES;
				CLANG_ENABLE_OBJC_ARC = YES;
				CLANG_ENABLE_OBJC_WEAK = YES;
				CLANG_WARN_BLOCK_CAPTURE_AUTORELEASING = YES;
				CLANG_WARN_BOOL_CONVERSION = YES;
				CLANG_WARN_COMMA = YES;
				CLANG_WARN_CONSTANT_CONVERSION = YES;
				CLANG_WARN_DEPRECATED_OBJC_IMPLEMENTATIONS = YES;
				CLANG_WARN_DIRECT_OBJC_ISA_USAGE = YES_ERROR;
				CLANG_WARN_DOCUMENTATION_COMMENTS = YES;
				CLANG_WARN_EMPTY_BODY = YES;
				CLANG_WARN_ENUM_CONVERSION = YES;
				CLANG_WARN_INFINITE_RECURSION = YES;
				CLANG_WARN_INT_CONVERSION = YES;
				CLANG_WARN_NON_LITERAL_NULL_CONVERSION = YES;
				CLANG_WARN_OBJC_IMPLICIT_RETAIN_SELF = YES;
				CLANG_WARN_OBJC_LITERAL_CONVERSION = YES;
				CLANG_WARN_OBJC_ROOT_CLASS = YES_ERROR;
				CLANG_WARN_QUOTED_INCLUDE_IN_FRAMEWORK_HEADER = YES;
				CLANG_WARN_RANGE_LOOP_ANALYSIS = YES;
				CLANG_WARN_STRICT_PROTOTYPES = YES;
				CLANG_WARN_SUSPICIOUS_MOVE = YES;
				CLANG_WARN_UNGUARDED_AVAILABILITY = YES_AGGRESSIVE;
				CLANG_WARN_UNREACHABLE_CODE = YES;
				CLANG_WARN__DUPLICATE_METHOD_MATCH = YES;
				COPY_PHASE_STRIP = NO;
				DEBUG_INFORMATION_FORMAT = "dwarf-with-dsym";
				ENABLE_NS_ASSERTIONS = NO;
				ENABLE_STRICT_OBJC_MSGSEND = YES;
				GCC_C_LANGUAGE_STANDARD = gnu11;
				GCC_NO_COMMON_BLOCKS = YES;
				GCC_WARN_64_TO_32_BIT_CONVERSION = YES;
				GCC_WARN_ABOUT_RETURN_TYPE = YES_ERROR;
				GCC_WARN_UNDECLARED_SELECTOR = YES;
				GCC_WARN_UNINITIALIZED_AUTOS = YES_AGGRESSIVE;
				GCC_WARN_UNUSED_FUNCTION = YES;
				GCC_WARN_UNUSED_VARIABLE = YES;
				IPHONEOS_DEPLOYMENT_TARGET = 16.2;
				MTL_ENABLE_DEBUG_INFO = NO;
				MTL_FAST_MATH = YES;
				SDKROOT = iphoneos;
				SWIFT_COMPILATION_MODE = wholemodule;
				SWIFT_OPTIMIZATION_LEVEL = "-O";
				VALIDATE_PRODUCT = YES;
			};
			name = Release;
		};
		4F553CC92A1A6412004BBCF0 /* Debug */ = {
			isa = XCBuildConfiguration;
			baseConfigurationReference = 11D0A17F91C388456D5FA9FD /* Pods-Test.debug.xcconfig */;
			buildSettings = {
				ASSETCATALOG_COMPILER_APPICON_NAME = AppIcon;
				ASSETCATALOG_COMPILER_GLOBAL_ACCENT_COLOR_NAME = AccentColor;
				CODE_SIGN_STYLE = Automatic;
				CURRENT_PROJECT_VERSION = 1;
				DEVELOPMENT_TEAM = 6JXYAAYW43;
				GENERATE_INFOPLIST_FILE = YES;
				INFOPLIST_FILE = Test/SupportingFiles/Info.plist;
				INFOPLIST_KEY_UIApplicationSupportsIndirectInputEvents = YES;
				INFOPLIST_KEY_UILaunchStoryboardName = "Launch Screen.storyboard";
				INFOPLIST_KEY_UIMainStoryboardFile = "";
				INFOPLIST_KEY_UISupportedInterfaceOrientations = UIInterfaceOrientationPortrait;
				INFOPLIST_KEY_UISupportedInterfaceOrientations_iPad = "UIInterfaceOrientationLandscapeLeft UIInterfaceOrientationLandscapeRight UIInterfaceOrientationPortrait UIInterfaceOrientationPortraitUpsideDown";
				IPHONEOS_DEPLOYMENT_TARGET = 13.0;
				LD_RUNPATH_SEARCH_PATHS = (
					"$(inherited)",
					"@executable_path/Frameworks",
				);
				MARKETING_VERSION = 1.0;
				PRODUCT_BUNDLE_IDENTIFIER = vadeek.Test;
				PRODUCT_NAME = "$(TARGET_NAME)";
				SUPPORTED_PLATFORMS = "iphoneos iphonesimulator";
				SUPPORTS_MACCATALYST = NO;
				SUPPORTS_MAC_DESIGNED_FOR_IPHONE_IPAD = NO;
				SUPPORTS_XR_DESIGNED_FOR_IPHONE_IPAD = NO;
				SWIFT_EMIT_LOC_STRINGS = YES;
				SWIFT_VERSION = 5.0;
				TARGETED_DEVICE_FAMILY = 1;
			};
			name = Debug;
		};
		4F553CCA2A1A6412004BBCF0 /* Release */ = {
			isa = XCBuildConfiguration;
			baseConfigurationReference = 2272EEADCC6D03B3D57C8C4D /* Pods-Test.release.xcconfig */;
			buildSettings = {
				ASSETCATALOG_COMPILER_APPICON_NAME = AppIcon;
				ASSETCATALOG_COMPILER_GLOBAL_ACCENT_COLOR_NAME = AccentColor;
				CODE_SIGN_STYLE = Automatic;
				CURRENT_PROJECT_VERSION = 1;
				DEVELOPMENT_TEAM = 6JXYAAYW43;
				GENERATE_INFOPLIST_FILE = YES;
				INFOPLIST_FILE = Test/SupportingFiles/Info.plist;
				INFOPLIST_KEY_UIApplicationSupportsIndirectInputEvents = YES;
				INFOPLIST_KEY_UILaunchStoryboardName = "Launch Screen.storyboard";
				INFOPLIST_KEY_UIMainStoryboardFile = "";
				INFOPLIST_KEY_UISupportedInterfaceOrientations = UIInterfaceOrientationPortrait;
				INFOPLIST_KEY_UISupportedInterfaceOrientations_iPad = "UIInterfaceOrientationLandscapeLeft UIInterfaceOrientationLandscapeRight UIInterfaceOrientationPortrait UIInterfaceOrientationPortraitUpsideDown";
				IPHONEOS_DEPLOYMENT_TARGET = 13.0;
				LD_RUNPATH_SEARCH_PATHS = (
					"$(inherited)",
					"@executable_path/Frameworks",
				);
				MARKETING_VERSION = 1.0;
				PRODUCT_BUNDLE_IDENTIFIER = vadeek.Test;
				PRODUCT_NAME = "$(TARGET_NAME)";
				SUPPORTED_PLATFORMS = "iphoneos iphonesimulator";
				SUPPORTS_MACCATALYST = NO;
				SUPPORTS_MAC_DESIGNED_FOR_IPHONE_IPAD = NO;
				SUPPORTS_XR_DESIGNED_FOR_IPHONE_IPAD = NO;
				SWIFT_EMIT_LOC_STRINGS = YES;
				SWIFT_VERSION = 5.0;
				TARGETED_DEVICE_FAMILY = 1;
			};
			name = Release;
		};
/* End XCBuildConfiguration section */

/* Begin XCConfigurationList section */
		4F553CAF2A1A6407004BBCF0 /* Build configuration list for PBXProject "Test" */ = {
			isa = XCConfigurationList;
			buildConfigurations = (
				4F553CC62A1A6412004BBCF0 /* Debug */,
				4F553CC72A1A6412004BBCF0 /* Release */,
			);
			defaultConfigurationIsVisible = 0;
			defaultConfigurationName = Release;
		};
		4F553CC82A1A6412004BBCF0 /* Build configuration list for PBXNativeTarget "Test" */ = {
			isa = XCConfigurationList;
			buildConfigurations = (
				4F553CC92A1A6412004BBCF0 /* Debug */,
				4F553CCA2A1A6412004BBCF0 /* Release */,
			);
			defaultConfigurationIsVisible = 0;
			defaultConfigurationName = Release;
		};
/* End XCConfigurationList section */

/* Begin XCRemoteSwiftPackageReference section */
		4F553CD02A1A6541004BBCF0 /* XCRemoteSwiftPackageReference "SnapKit" */ = {
			isa = XCRemoteSwiftPackageReference;
			repositoryURL = "https://github.com/SnapKit/SnapKit";
			requirement = {
				kind = upToNextMajorVersion;
				minimumVersion = 5.0.0;
			};
		};
		4F8255D52B82B86F005C363C /* XCRemoteSwiftPackageReference "SDWebImage" */ = {
			isa = XCRemoteSwiftPackageReference;
			repositoryURL = "https://github.com/SDWebImage/SDWebImage.git";
			requirement = {
				kind = upToNextMajorVersion;
				minimumVersion = 5.0.0;
			};
		};
		4F82A95A2BD929C200302573 /* XCRemoteSwiftPackageReference "firebase-ios-sdk" */ = {
			isa = XCRemoteSwiftPackageReference;
			repositoryURL = "https://github.com/firebase/firebase-ios-sdk.git";
			requirement = {
				kind = upToNextMajorVersion;
				minimumVersion = 10.24.0;
			};
		};
/* End XCRemoteSwiftPackageReference section */

/* Begin XCSwiftPackageProductDependency section */
		4F553CD12A1A6541004BBCF0 /* SnapKit */ = {
			isa = XCSwiftPackageProductDependency;
			package = 4F553CD02A1A6541004BBCF0 /* XCRemoteSwiftPackageReference "SnapKit" */;
			productName = SnapKit;
		};
		4F8255D62B82B86F005C363C /* SDWebImage */ = {
			isa = XCSwiftPackageProductDependency;
			package = 4F8255D52B82B86F005C363C /* XCRemoteSwiftPackageReference "SDWebImage" */;
			productName = SDWebImage;
		};
		4F82A95B2BD929C200302573 /* FirebaseAuth */ = {
			isa = XCSwiftPackageProductDependency;
			package = 4F82A95A2BD929C200302573 /* XCRemoteSwiftPackageReference "firebase-ios-sdk" */;
			productName = FirebaseAuth;
		};
		4F82A95D2BD929C200302573 /* FirebaseDatabase */ = {
			isa = XCSwiftPackageProductDependency;
			package = 4F82A95A2BD929C200302573 /* XCRemoteSwiftPackageReference "firebase-ios-sdk" */;
			productName = FirebaseDatabase;
		};
		4F82A95F2BD929C200302573 /* FirebaseStorage */ = {
			isa = XCSwiftPackageProductDependency;
			package = 4F82A95A2BD929C200302573 /* XCRemoteSwiftPackageReference "firebase-ios-sdk" */;
			productName = FirebaseStorage;
		};
/* End XCSwiftPackageProductDependency section */
	};
	rootObject = 4F553CAC2A1A6407004BBCF0 /* Project object */;
}
